
Microsoft Visual Studio Solution File, Format Version 12.00
# Visual Studio Version 17
VisualStudioVersion = 17.6.33829.357
MinimumVisualStudioVersion = 10.0.40219.1
Project("{2150E333-8FDC-42A3-9474-1A3956D46DE8}") = "Core", "Core", "{6F0BBCFD-0C81-4DF8-AA85-5503FF02EB4D}"
EndProject
Project("{FAE04EC0-301F-11D3-BF4B-00C04F79EFBC}") = "e-trade-api.domain", "Core\e-trade-api.domain\e-trade-api.domain.csproj", "{8DEA8A92-3F33-4987-943F-6CD0B3127963}"
EndProject
Project("{FAE04EC0-301F-11D3-BF4B-00C04F79EFBC}") = "e-trade-api.application", "Core\e-trade-api.application\e-trade-api.application.csproj", "{528F070D-BFC6-43ED-ACA6-0EB752454949}"
EndProject
Project("{2150E333-8FDC-42A3-9474-1A3956D46DE8}") = "Infastructure", "Infastructure", "{AB2C4520-CE48-4D01-848E-F255FB4846BE}"
EndProject
Project("{FAE04EC0-301F-11D3-BF4B-00C04F79EFBC}") = "e-trade-api.Infastructure", "Infastructure\e-trade-api.Infastructure\e-trade-api.Infastructure.csproj", "{A314CCEA-ACC5-4DB9-8C3C-BDD30D22A82A}"
EndProject
Project("{FAE04EC0-301F-11D3-BF4B-00C04F79EFBC}") = "e-trade-api.Persistence", "Infastructure\e-trade-api.Persistence\e-trade-api.Persistence.csproj", "{AB17669F-E77A-4805-BB9C-D0C1E4F63BA8}"
EndProject
Project("{2150E333-8FDC-42A3-9474-1A3956D46DE8}") = "Presentation", "Presentation", "{9CBF7629-AB4A-4F0A-8712-E0201656852D}"
EndProject
Project("{FAE04EC0-301F-11D3-BF4B-00C04F79EFBC}") = "e-trade-api.API", "Presentation\e-trade-api.API\e-trade-api.API.csproj", "{580FB483-1F97-43E3-97E6-9992BCBF6F7A}"
EndProject
Global
	GlobalSection(SolutionConfigurationPlatforms) = preSolution
		Debug|Any CPU = Debug|Any CPU
		Release|Any CPU = Release|Any CPU
	EndGlobalSection
	GlobalSection(ProjectConfigurationPlatforms) = postSolution
		{8DEA8A92-3F33-4987-943F-6CD0B3127963}.Debug|Any CPU.ActiveCfg = Debug|Any CPU
		{8DEA8A92-3F33-4987-943F-6CD0B3127963}.Debug|Any CPU.Build.0 = Debug|Any CPU
		{8DEA8A92-3F33-4987-943F-6CD0B3127963}.Release|Any CPU.ActiveCfg = Release|Any CPU
		{8DEA8A92-3F33-4987-943F-6CD0B3127963}.Release|Any CPU.Build.0 = Release|Any CPU
		{528F070D-BFC6-43ED-ACA6-0EB752454949}.Debug|Any CPU.ActiveCfg = Debug|Any CPU
		{528F070D-BFC6-43ED-ACA6-0EB752454949}.Debug|Any CPU.Build.0 = Debug|Any CPU
		{528F070D-BFC6-43ED-ACA6-0EB752454949}.Release|Any CPU.ActiveCfg = Release|Any CPU
		{528F070D-BFC6-43ED-ACA6-0EB752454949}.Release|Any CPU.Build.0 = Release|Any CPU
		{A314CCEA-ACC5-4DB9-8C3C-BDD30D22A82A}.Debug|Any CPU.ActiveCfg = Debug|Any CPU
		{A314CCEA-ACC5-4DB9-8C3C-BDD30D22A82A}.Debug|Any CPU.Build.0 = Debug|Any CPU
		{A314CCEA-ACC5-4DB9-8C3C-BDD30D22A82A}.Release|Any CPU.ActiveCfg = Release|Any CPU
		{A314CCEA-ACC5-4DB9-8C3C-BDD30D22A82A}.Release|Any CPU.Build.0 = Release|Any CPU
		{AB17669F-E77A-4805-BB9C-D0C1E4F63BA8}.Debug|Any CPU.ActiveCfg = Debug|Any CPU
		{AB17669F-E77A-4805-BB9C-D0C1E4F63BA8}.Debug|Any CPU.Build.0 = Debug|Any CPU
		{AB17669F-E77A-4805-BB9C-D0C1E4F63BA8}.Release|Any CPU.ActiveCfg = Release|Any CPU
		{AB17669F-E77A-4805-BB9C-D0C1E4F63BA8}.Release|Any CPU.Build.0 = Release|Any CPU
		{580FB483-1F97-43E3-97E6-9992BCBF6F7A}.Debug|Any CPU.ActiveCfg = Debug|Any CPU
		{580FB483-1F97-43E3-97E6-9992BCBF6F7A}.Debug|Any CPU.Build.0 = Debug|Any CPU
		{580FB483-1F97-43E3-97E6-9992BCBF6F7A}.Release|Any CPU.ActiveCfg = Release|Any CPU
		{580FB483-1F97-43E3-97E6-9992BCBF6F7A}.Release|Any CPU.Build.0 = Release|Any CPU
	EndGlobalSection
	GlobalSection(SolutionProperties) = preSolution
		HideSolutionNode = FALSE
	EndGlobalSection
	GlobalSection(NestedProjects) = preSolution
		{8DEA8A92-3F33-4987-943F-6CD0B3127963} = {6F0BBCFD-0C81-4DF8-AA85-5503FF02EB4D}
		{528F070D-BFC6-43ED-ACA6-0EB752454949} = {6F0BBCFD-0C81-4DF8-AA85-5503FF02EB4D}
		{A314CCEA-ACC5-4DB9-8C3C-BDD30D22A82A} = {AB2C4520-CE48-4D01-848E-F255FB4846BE}
		{AB17669F-E77A-4805-BB9C-D0C1E4F63BA8} = {AB2C4520-CE48-4D01-848E-F255FB4846BE}
		{580FB483-1F97-43E3-97E6-9992BCBF6F7A} = {9CBF7629-AB4A-4F0A-8712-E0201656852D}
	EndGlobalSection
	GlobalSection(ExtensibilityGlobals) = postSolution
		SolutionGuid = {B14AB26F-55BB-47D6-B1C9-24960D03F584}
	EndGlobalSection
EndGlobal
